{
  "name": "@washogren/am-consumer",
  "version": "1.0.0",
  "lockfileVersion": 3,
  "requires": true,
  "packages": {
    "": {
      "name": "@washogren/am-consumer",
      "version": "1.0.0",
      "dependencies": {
        "@washogren/am-dependency": "4.0.0",
        "ms": "2.1.3"
      },
      "bin": {
        "am-consumer": "bin/cli.js"
      }
    },
    "node_modules/@washogren/am-dependency": {
      "version": "4.0.0",
      "resolved": "https://npm.pkg.github.com/download/@washogren/am-dependency/4.0.0/d6be09ce9590986a9bd97b386ff63ee70d0478f7",
      "integrity": "sha512-RW9d3jNyTYXtewyBZ5LXcK5NUF0I98qpfHx0Fy9sxgtyPF+4s1obUqJbAOIsTSxg3qQi7AYO081ShdD6wqNAxw==",
      "license": "UNLICENSED"
    },
    "node_modules/ms": {
      "version": "2.1.3",
      "resolved": "https://registry.npmjs.org/ms/-/ms-2.1.3.tgz",
      "integrity": "sha512-6FlzubTLZG3J2a/NVCAleEhjzq5oxgHyaCU9yYXvcLsvoVaHJq/s5xXI6/XXP6tz7R9xAOtHnSO/tXtF3WRTlA==",
      "license": "MIT"
    }
  }
}
