{
  "name": "@washogren/am-consumer",
  "version": "1.0.0",
  "lockfileVersion": 3,
  "requires": true,
  "packages": {
    "": {
      "name": "@washogren/am-consumer",
      "version": "1.0.0",
      "dependencies": {
        "@washogren/am-dependency": "1.1.81-dev.95"
      },
      "bin": {
        "am-consumer": "bin/cli.js"
      }
    },
    "node_modules/@washogren/am-dependency": {
      "version": "1.1.81-dev.95",
      "resolved": "https://npm.pkg.github.com/download/@washogren/am-dependency/1.1.81-dev.95/66084134ec6584c13371f63bd5fb3e537f7eae10",
      "integrity": "sha512-M8dCBQOv3YQt9d8Jc1kwKBiV++L8ym7sclXgpx59HTBGLTZ42metC9AoU2oJ7ouWmw0BFcZ9lBE/Gw82J4rKhQ==",
      "license": "UNLICENSED"
    }
  }
}
