{
  "name": "@washogren/am-consumer",
  "version": "1.0.0",
  "lockfileVersion": 3,
  "requires": true,
  "packages": {
    "": {
      "name": "@washogren/am-consumer",
      "version": "1.0.0",
      "dependencies": {
        "@washogren/am-dependency": "1.1.117-dev.131"
      },
      "bin": {
        "am-consumer": "bin/cli.js"
      }
    },
    "node_modules/@washogren/am-dependency": {
      "version": "1.1.117-dev.131",
      "resolved": "https://npm.pkg.github.com/download/@washogren/am-dependency/1.1.117-dev.131/4617f5f27212a3c1208f78a83972504144746dc9",
      "integrity": "sha512-kJVwoCuBW6XXAeRPaeTsguMpUZRILXVJvLf2h7+qMmyS/GNykv7zJE3ZvWN9U9bS5SADUOvCqH/2VEjciwcYKw==",
      "license": "UNLICENSED"
    }
  }
}
